// !$*UTF8*$!
{
	archiveVersion = 1;
	classes = {
	};
	objectVersion = 46;
	objects = {

/* Begin PBXBuildFile section */
		236EC0631DB2FA4E009F16A2 /* AppDelegate.swift in Sources */ = {isa = PBXBuildFile; fileRef = 236EC0621DB2FA4E009F16A2 /* AppDelegate.swift */; };
		236EC0651DB2FA4E009F16A2 /* ViewController.swift in Sources */ = {isa = PBXBuildFile; fileRef = 236EC0641DB2FA4E009F16A2 /* ViewController.swift */; };
		236EC0681DB2FA4E009F16A2 /* Main.storyboard in Resources */ = {isa = PBXBuildFile; fileRef = 236EC0661DB2FA4E009F16A2 /* Main.storyboard */; };
		236EC06A1DB2FA4E009F16A2 /* Assets.xcassets in Resources */ = {isa = PBXBuildFile; fileRef = 236EC0691DB2FA4E009F16A2 /* Assets.xcassets */; };
		236EC06D1DB2FA4E009F16A2 /* LaunchScreen.storyboard in Resources */ = {isa = PBXBuildFile; fileRef = 236EC06B1DB2FA4E009F16A2 /* LaunchScreen.storyboard */; };
		236EC0781DB2FA4F009F16A2 /* MircalePillTests.swift in Sources */ = {isa = PBXBuildFile; fileRef = 236EC0771DB2FA4F009F16A2 /* MircalePillTests.swift */; };
		236EC0831DB2FA4F009F16A2 /* MircalePillUITests.swift in Sources */ = {isa = PBXBuildFile; fileRef = 236EC0821DB2FA4F009F16A2 /* MircalePillUITests.swift */; };
/* End PBXBuildFile section */

/* Begin PBXContainerItemProxy section */
		236EC0741DB2FA4F009F16A2 /* PBXContainerItemProxy */ = {
			isa = PBXContainerItemProxy;
			containerPortal = 236EC0571DB2FA4E009F16A2 /* Project object */;
			proxyType = 1;
			remoteGlobalIDString = 236EC05E1DB2FA4E009F16A2;
			remoteInfo = MircalePill;
		};
		236EC07F1DB2FA4F009F16A2 /* PBXContainerItemProxy */ = {
			isa = PBXContainerItemProxy;
			containerPortal = 236EC0571DB2FA4E009F16A2 /* Project object */;
			proxyType = 1;
			remoteGlobalIDString = 236EC05E1DB2FA4E009F16A2;
			remoteInfo = MircalePill;
		};
/* End PBXContainerItemProxy section */

/* Begin PBXFileReference section */
		236EC05F1DB2FA4E009F16A2 /* MircalePill.app */ = {isa = PBXFileReference; explicitFileType = wrapper.application; includeInIndex = 0; path = MircalePill.app; sourceTree = BUILT_PRODUCTS_DIR; };
		236EC0621DB2FA4E009F16A2 /* AppDelegate.swift */ = {isa = PBXFileReference; lastKnownFileType = sourcecode.swift; path = AppDelegate.swift; sourceTree = "<group>"; };
		236EC0641DB2FA4E009F16A2 /* ViewController.swift */ = {isa = PBXFileReference; lastKnownFileType = sourcecode.swift; path = ViewController.swift; sourceTree = "<group>"; };
		236EC0671DB2FA4E009F16A2 /* Base */ = {isa = PBXFileReference; lastKnownFileType = file.storyboard; name = Base; path = Base.lproj/Main.storyboard; sourceTree = "<group>"; };
		236EC0691DB2FA4E009F16A2 /* Assets.xcassets */ = {isa = PBXFileReference; lastKnownFileType = folder.assetcatalog; path = Assets.xcassets; sourceTree = "<group>"; };
		236EC06C1DB2FA4E009F16A2 /* Base */ = {isa = PBXFileReference; lastKnownFileType = file.storyboard; name = Base; path = Base.lproj/LaunchScreen.storyboard; sourceTree = "<group>"; };
		236EC06E1DB2FA4E009F16A2 /* Info.plist */ = {isa = PBXFileReference; lastKnownFileType = text.plist.xml; path = Info.plist; sourceTree = "<group>"; };
		236EC0731DB2FA4F009F16A2 /* MircalePillTests.xctest */ = {isa = PBXFileReference; explicitFileType = wrapper.cfbundle; includeInIndex = 0; path = MircalePillTests.xctest; sourceTree = BUILT_PRODUCTS_DIR; };
		236EC0771DB2FA4F009F16A2 /* MircalePillTests.swift */ = {isa = PBXFileReference; lastKnownFileType = sourcecode.swift; path = MircalePillTests.swift; sourceTree = "<group>"; };
		236EC0791DB2FA4F009F16A2 /* Info.plist */ = {isa = PBXFileReference; lastKnownFileType = text.plist.xml; path = Info.plist; sourceTree = "<group>"; };
		236EC07E1DB2FA4F009F16A2 /* MircalePillUITests.xctest */ = {isa = PBXFileReference; explicitFileType = wrapper.cfbundle; includeInIndex = 0; path = MircalePillUITests.xctest; sourceTree = BUILT_PRODUCTS_DIR; };
		236EC0821DB2FA4F009F16A2 /* MircalePillUITests.swift */ = {isa = PBXFileReference; lastKnownFileType = sourcecode.swift; path = MircalePillUITests.swift; sourceTree = "<group>"; };
		236EC0841DB2FA4F009F16A2 /* Info.plist */ = {isa = PBXFileReference; lastKnownFileType = text.plist.xml; path = Info.plist; sourceTree = "<group>"; };
/* End PBXFileReference section */

/* Begin PBXFrameworksBuildPhase section */
		236EC05C1DB2FA4E009F16A2 /* Frameworks */ = {
			isa = PBXFrameworksBuildPhase;
			buildActionMask = 2147483647;
			files = (
			);
			runOnlyForDeploymentPostprocessing = 0;
		};
		236EC0701DB2FA4F009F16A2 /* Frameworks */ = {
			isa = PBXFrameworksBuildPhase;
			buildActionMask = 2147483647;
			files = (
			);
			runOnlyForDeploymentPostprocessing = 0;
		};
		236EC07B1DB2FA4F009F16A2 /* Frameworks */ = {
			isa = PBXFrameworksBuildPhase;
			buildActionMask = 2147483647;
			files = (
			);
			runOnlyForDeploymentPostprocessing = 0;
		};
/* End PBXFrameworksBuildPhase section */

/* Begin PBXGroup section */
		236EC0561DB2FA4E009F16A2 = {
			isa = PBXGroup;
			children = (
				236EC0611DB2FA4E009F16A2 /* MircalePill */,
				236EC0761DB2FA4F009F16A2 /* MircalePillTests */,
				236EC0811DB2FA4F009F16A2 /* MircalePillUITests */,
				236EC0601DB2FA4E009F16A2 /* Products */,
			);
			sourceTree = "<group>";
		};
		236EC0601DB2FA4E009F16A2 /* Products */ = {
			isa = PBXGroup;
			children = (
				236EC05F1DB2FA4E009F16A2 /* MircalePill.app */,
				236EC0731DB2FA4F009F16A2 /* MircalePillTests.xctest */,
				236EC07E1DB2FA4F009F16A2 /* MircalePillUITests.xctest */,
			);
			name = Products;
			sourceTree = "<group>";
		};
		236EC0611DB2FA4E009F16A2 /* MircalePill */ = {
			isa = PBXGroup;
			children = (
				236EC0621DB2FA4E009F16A2 /* AppDelegate.swift */,
				236EC0641DB2FA4E009F16A2 /* ViewController.swift */,
				236EC0661DB2FA4E009F16A2 /* Main.storyboard */,
				236EC0691DB2FA4E009F16A2 /* Assets.xcassets */,
				236EC06B1DB2FA4E009F16A2 /* LaunchScreen.storyboard */,
				236EC06E1DB2FA4E009F16A2 /* Info.plist */,
			);
			path = MircalePill;
			sourceTree = "<group>";
		};
		236EC0761DB2FA4F009F16A2 /* MircalePillTests */ = {
			isa = PBXGroup;
			children = (
				236EC0771DB2FA4F009F16A2 /* MircalePillTests.swift */,
				236EC0791DB2FA4F009F16A2 /* Info.plist */,
			);
			path = MircalePillTests;
			sourceTree = "<group>";
		};
		236EC0811DB2FA4F009F16A2 /* MircalePillUITests */ = {
			isa = PBXGroup;
			children = (
				236EC0821DB2FA4F009F16A2 /* MircalePillUITests.swift */,
				236EC0841DB2FA4F009F16A2 /* Info.plist */,
			);
			path = MircalePillUITests;
			sourceTree = "<group>";
		};
/* End PBXGroup section */

/* Begin PBXNativeTarget section */
		236EC05E1DB2FA4E009F16A2 /* MircalePill */ = {
			isa = PBXNativeTarget;
			buildConfigurationList = 236EC0871DB2FA4F009F16A2 /* Build configuration list for PBXNativeTarget "MircalePill" */;
			buildPhases = (
				236EC05B1DB2FA4E009F16A2 /* Sources */,
				236EC05C1DB2FA4E009F16A2 /* Frameworks */,
				236EC05D1DB2FA4E009F16A2 /* Resources */,
			);
			buildRules = (
			);
			dependencies = (
			);
			name = MircalePill;
			productName = MircalePill;
			productReference = 236EC05F1DB2FA4E009F16A2 /* MircalePill.app */;
			productType = "com.apple.product-type.application";
		};
		236EC0721DB2FA4F009F16A2 /* MircalePillTests */ = {
			isa = PBXNativeTarget;
			buildConfigurationList = 236EC08A1DB2FA4F009F16A2 /* Build configuration list for PBXNativeTarget "MircalePillTests" */;
			buildPhases = (
				236EC06F1DB2FA4F009F16A2 /* Sources */,
				236EC0701DB2FA4F009F16A2 /* Frameworks */,
				236EC0711DB2FA4F009F16A2 /* Resources */,
			);
			buildRules = (
			);
			dependencies = (
				236EC0751DB2FA4F009F16A2 /* PBXTargetDependency */,
			);
			name = MircalePillTests;
			productName = MircalePillTests;
			productReference = 236EC0731DB2FA4F009F16A2 /* MircalePillTests.xctest */;
			productType = "com.apple.product-type.bundle.unit-test";
		};
		236EC07D1DB2FA4F009F16A2 /* MircalePillUITests */ = {
			isa = PBXNativeTarget;
			buildConfigurationList = 236EC08D1DB2FA4F009F16A2 /* Build configuration list for PBXNativeTarget "MircalePillUITests" */;
			buildPhases = (
				236EC07A1DB2FA4F009F16A2 /* Sources */,
				236EC07B1DB2FA4F009F16A2 /* Frameworks */,
				236EC07C1DB2FA4F009F16A2 /* Resources */,
			);
			buildRules = (
			);
			dependencies = (
				236EC0801DB2FA4F009F16A2 /* PBXTargetDependency */,
			);
			name = MircalePillUITests;
			productName = MircalePillUITests;
			productReference = 236EC07E1DB2FA4F009F16A2 /* MircalePillUITests.xctest */;
			productType = "com.apple.product-type.bundle.ui-testing";
		};
/* End PBXNativeTarget section */

/* Begin PBXProject section */
		236EC0571DB2FA4E009F16A2 /* Project object */ = {
			isa = PBXProject;
			attributes = {
				LastSwiftUpdateCheck = 0710;
				LastUpgradeCheck = 0710;
				ORGANIZATIONNAME = "Taimoor Saeed ";
				TargetAttributes = {
					236EC05E1DB2FA4E009F16A2 = {
						CreatedOnToolsVersion = 7.1;
					};
					236EC0721DB2FA4F009F16A2 = {
						CreatedOnToolsVersion = 7.1;
						TestTargetID = 236EC05E1DB2FA4E009F16A2;
					};
					236EC07D1DB2FA4F009F16A2 = {
						CreatedOnToolsVersion = 7.1;
						TestTargetID = 236EC05E1DB2FA4E009F16A2;
					};
				};
			};
			buildConfigurationList = 236EC05A1DB2FA4E009F16A2 /* Build configuration list for PBXProject "MircalePill" */;
			compatibilityVersion = "Xcode 3.2";
			developmentRegion = English;
			hasScannedForEncodings = 0;
			knownRegions = (
				en,
				Base,
			);
			mainGroup = 236EC0561DB2FA4E009F16A2;
			productRefGroup = 236EC0601DB2FA4E009F16A2 /* Products */;
			projectDirPath = "";
			projectRoot = "";
			targets = (
				236EC05E1DB2FA4E009F16A2 /* MircalePill */,
				236EC0721DB2FA4F009F16A2 /* MircalePillTests */,
				236EC07D1DB2FA4F009F16A2 /* MircalePillUITests */,
			);
		};
/* End PBXProject section */

/* Begin PBXResourcesBuildPhase section */
		236EC05D1DB2FA4E009F16A2 /* Resources */ = {
			isa = PBXResourcesBuildPhase;
			buildActionMask = 2147483647;
			files = (
				236EC06D1DB2FA4E009F16A2 /* LaunchScreen.storyboard in Resources */,
				236EC06A1DB2FA4E009F16A2 /* Assets.xcassets in Resources */,
				236EC0681DB2FA4E009F16A2 /* Main.storyboard in Resources */,
			);
			runOnlyForDeploymentPostprocessing = 0;
		};
		236EC0711DB2FA4F009F16A2 /* Resources */ = {
			isa = PBXResourcesBuildPhase;
			buildActionMask = 2147483647;
			files = (
			);
			runOnlyForDeploymentPostprocessing = 0;
		};
		236EC07C1DB2FA4F009F16A2 /* Resources */ = {
			isa = PBXResourcesBuildPhase;
			buildActionMask = 2147483647;
			files = (
			);
			runOnlyForDeploymentPostprocessing = 0;
		};
/* End PBXResourcesBuildPhase section */

/* Begin PBXSourcesBuildPhase section */
		236EC05B1DB2FA4E009F16A2 /* Sources */ = {
			isa = PBXSourcesBuildPhase;
			buildActionMask = 2147483647;
			files = (
				236EC0651DB2FA4E009F16A2 /* ViewController.swift in Sources */,
				236EC0631DB2FA4E009F16A2 /* AppDelegate.swift in Sources */,
			);
			runOnlyForDeploymentPostprocessing = 0;
		};
		236EC06F1DB2FA4F009F16A2 /* Sources */ = {
			isa = PBXSourcesBuildPhase;
			buildActionMask = 2147483647;
			files = (
				236EC0781DB2FA4F009F16A2 /* MircalePillTests.swift in Sources */,
			);
			runOnlyForDeploymentPostprocessing = 0;
		};
		236EC07A1DB2FA4F009F16A2 /* Sources */ = {
			isa = PBXSourcesBuildPhase;
			buildActionMask = 2147483647;
			files = (
				236EC0831DB2FA4F009F16A2 /* MircalePillUITests.swift in Sources */,
			);
			runOnlyForDeploymentPostprocessing = 0;
		};
/* End PBXSourcesBuildPhase section */

/* Begin PBXTargetDependency section */
		236EC0751DB2FA4F009F16A2 /* PBXTargetDependency */ = {
			isa = PBXTargetDependency;
			target = 236EC05E1DB2FA4E009F16A2 /* MircalePill */;
			targetProxy = 236EC0741DB2FA4F009F16A2 /* PBXContainerItemProxy */;
		};
		236EC0801DB2FA4F009F16A2 /* PBXTargetDependency */ = {
			isa = PBXTargetDependency;
			target = 236EC05E1DB2FA4E009F16A2 /* MircalePill */;
			targetProxy = 236EC07F1DB2FA4F009F16A2 /* PBXContainerItemProxy */;
		};
/* End PBXTargetDependency section */

/* Begin PBXVariantGroup section */
		236EC0661DB2FA4E009F16A2 /* Main.storyboard */ = {
			isa = PBXVariantGroup;
			children = (
				236EC0671DB2FA4E009F16A2 /* Base */,
			);
			name = Main.storyboard;
			sourceTree = "<group>";
		};
		236EC06B1DB2FA4E009F16A2 /* LaunchScreen.storyboard */ = {
			isa = PBXVariantGroup;
			children = (
				236EC06C1DB2FA4E009F16A2 /* Base */,
			);
			name = LaunchScreen.storyboard;
			sourceTree = "<group>";
		};
/* End PBXVariantGroup section */

/* Begin XCBuildConfiguration section */
		236EC0851DB2FA4F009F16A2 /* Debug */ = {
			isa = XCBuildConfiguration;
			buildSettings = {
				ALWAYS_SEARCH_USER_PATHS = NO;
				CLANG_CXX_LANGUAGE_STANDARD = "gnu++0x";
				CLANG_CXX_LIBRARY = "libc++";
				CLANG_ENABLE_MODULES = YES;
				CLANG_ENABLE_OBJC_ARC = YES;
				CLANG_WARN_BOOL_CONVERSION = YES;
				CLANG_WARN_CONSTANT_CONVERSION = YES;
				CLANG_WARN_DIRECT_OBJC_ISA_USAGE = YES_ERROR;
				CLANG_WARN_EMPTY_BODY = YES;
				CLANG_WARN_ENUM_CONVERSION = YES;
				CLANG_WARN_INT_CONVERSION = YES;
				CLANG_WARN_OBJC_ROOT_CLASS = YES_ERROR;
				CLANG_WARN_UNREACHABLE_CODE = YES;
				CLANG_WARN__DUPLICATE_METHOD_MATCH = YES;
				"CODE_SIGN_IDENTITY[sdk=iphoneos*]" = "iPhone Developer";
				COPY_PHASE_STRIP = NO;
				DEBUG_INFORMATION_FORMAT = dwarf;
				ENABLE_STRICT_OBJC_MSGSEND = YES;
				ENABLE_TESTABILITY = YES;
				GCC_C_LANGUAGE_STANDARD = gnu99;
				GCC_DYNAMIC_NO_PIC = NO;
				GCC_NO_COMMON_BLOCKS = YES;
				GCC_OPTIMIZATION_LEVEL = 0;
				GCC_PREPROCESSOR_DEFINITIONS = (
					"DEBUG=1",
					"$(inherited)",
				);
				GCC_WARN_64_TO_32_BIT_CONVERSION = YES;
				GCC_WARN_ABOUT_RETURN_TYPE = YES_ERROR;
				GCC_WARN_UNDECLARED_SELECTOR = YES;
				GCC_WARN_UNINITIALIZED_AUTOS = YES_AGGRESSIVE;
				GCC_WARN_UNUSED_FUNCTION = YES;
				GCC_WARN_UNUSED_VARIABLE = YES;
				IPHONEOS_DEPLOYMENT_TARGET = 9.1;
				MTL_ENABLE_DEBUG_INFO = YES;
				ONLY_ACTIVE_ARCH = YES;
				SDKROOT = iphoneos;
				SWIFT_OPTIMIZATION_LEVEL = "-Onone";
				TARGETED_DEVICE_FAMILY = "1,2";
			};
			name = Debug;
		};
		236EC0861DB2FA4F009F16A2 /* Release */ = {
			isa = XCBuildConfiguration;
			buildSettings = {
				ALWAYS_SEARCH_USER_PATHS = NO;
				CLANG_CXX_LANGUAGE_STANDARD = "gnu++0x";
				CLANG_CXX_LIBRARY = "libc++";
				CLANG_ENABLE_MODULES = YES;
				CLANG_ENABLE_OBJC_ARC = YES;
				CLANG_WARN_BOOL_CONVERSION = YES;
				CLANG_WARN_CONSTANT_CONVERSION = YES;
				CLANG_WARN_DIRECT_OBJC_ISA_USAGE = YES_ERROR;
				CLANG_WARN_EMPTY_BODY = YES;
				CLANG_WARN_ENUM_CONVERSION = YES;
				CLANG_WARN_INT_CONVERSION = YES;
				CLANG_WARN_OBJC_ROOT_CLASS = YES_ERROR;
				CLANG_WARN_UNREACHABLE_CODE = YES;
				CLANG_WARN__DUPLICATE_METHOD_MATCH = YES;
				"CODE_SIGN_IDENTITY[sdk=iphoneos*]" = "iPhone Developer";
				COPY_PHASE_STRIP = NO;
				DEBUG_INFORMATION_FORMAT = "dwarf-with-dsym";
				ENABLE_NS_ASSERTIONS = NO;
				ENABLE_STRICT_OBJC_MSGSEND = YES;
				GCC_C_LANGUAGE_STANDARD = gnu99;
				GCC_NO_COMMON_BLOCKS = YES;
				GCC_WARN_64_TO_32_BIT_CONVERSION = YES;
				GCC_WARN_ABOUT_RETURN_TYPE = YES_ERROR;
				GCC_WARN_UNDECLARED_SELECTOR = YES;
				GCC_WARN_UNINITIALIZED_AUTOS = YES_AGGRESSIVE;
				GCC_WARN_UNUSED_FUNCTION = YES;
				GCC_WARN_UNUSED_VARIABLE = YES;
				IPHONEOS_DEPLOYMENT_TARGET = 9.1;
				MTL_ENABLE_DEBUG_INFO = NO;
				SDKROOT = iphoneos;
				TARGETED_DEVICE_FAMILY = "1,2";
				VALIDATE_PRODUCT = YES;
			};
			name = Release;
		};
		236EC0881DB2FA4F009F16A2 /* Debug */ = {
			isa = XCBuildConfiguration;
			buildSettings = {
				ASSETCATALOG_COMPILER_APPICON_NAME = AppIcon;
				INFOPLIST_FILE = MircalePill/Info.plist;
				LD_RUNPATH_SEARCH_PATHS = "$(inherited) @executable_path/Frameworks";
				PRODUCT_BUNDLE_IDENTIFIER = com.helloworld.MircalePill;
				PRODUCT_NAME = "$(TARGET_NAME)";
			};
			name = Debug;
		};
		236EC0891DB2FA4F009F16A2 /* Release */ = {
			isa = XCBuildConfiguration;
			buildSettings = {
				ASSETCATALOG_COMPILER_APPICON_NAME = AppIcon;
				INFOPLIST_FILE = MircalePill/Info.plist;
				LD_RUNPATH_SEARCH_PATHS = "$(inherited) @executable_path/Frameworks";
				PRODUCT_BUNDLE_IDENTIFIER = com.helloworld.MircalePill;
				PRODUCT_NAME = "$(TARGET_NAME)";
			};
			name = Release;
		};
		236EC08B1DB2FA4F009F16A2 /* Debug */ = {
			isa = XCBuildConfiguration;
			buildSettings = {
				BUNDLE_LOADER = "$(TEST_HOST)";
				INFOPLIST_FILE = MircalePillTests/Info.plist;
				LD_RUNPATH_SEARCH_PATHS = "$(inherited) @executable_path/Frameworks @loader_path/Frameworks";
				PRODUCT_BUNDLE_IDENTIFIER = com.helloworld.MircalePillTests;
				PRODUCT_NAME = "$(TARGET_NAME)";
				TEST_HOST = "$(BUILT_PRODUCTS_DIR)/MircalePill.app/MircalePill";
			};
			name = Debug;
		};
		236EC08C1DB2FA4F009F16A2 /* Release */ = {
			isa = XCBuildConfiguration;
			buildSettings = {
				BUNDLE_LOADER = "$(TEST_HOST)";
				INFOPLIST_FILE = MircalePillTests/Info.plist;
				LD_RUNPATH_SEARCH_PATHS = "$(inherited) @executable_path/Frameworks @loader_path/Frameworks";
				PRODUCT_BUNDLE_IDENTIFIER = com.helloworld.MircalePillTests;
				PRODUCT_NAME = "$(TARGET_NAME)";
				TEST_HOST = "$(BUILT_PRODUCTS_DIR)/MircalePill.app/MircalePill";
			};
			name = Release;
		};
		236EC08E1DB2FA4F009F16A2 /* Debug */ = {
			isa = XCBuildConfiguration;
			buildSettings = {
				INFOPLIST_FILE = MircalePillUITests/Info.plist;
				LD_RUNPATH_SEARCH_PATHS = "$(inherited) @executable_path/Frameworks @loader_path/Frameworks";
				PRODUCT_BUNDLE_IDENTIFIER = com.helloworld.MircalePillUITests;
				PRODUCT_NAME = "$(TARGET_NAME)";
				TEST_TARGET_NAME = MircalePill;
				USES_XCTRUNNER = YES;
			};
			name = Debug;
		};
		236EC08F1DB2FA4F009F16A2 /* Release */ = {
			isa = XCBuildConfiguration;
			buildSettings = {
				INFOPLIST_FILE = MircalePillUITests/Info.plist;
				LD_RUNPATH_SEARCH_PATHS = "$(inherited) @executable_path/Frameworks @loader_path/Frameworks";
				PRODUCT_BUNDLE_IDENTIFIER = com.helloworld.MircalePillUITests;
				PRODUCT_NAME = "$(TARGET_NAME)";
				TEST_TARGET_NAME = MircalePill;
				USES_XCTRUNNER = YES;
			};
			name = Release;
		};
/* End XCBuildConfiguration section */

/* Begin XCConfigurationList section */
		236EC05A1DB2FA4E009F16A2 /* Build configuration list for PBXProject "MircalePill" */ = {
			isa = XCConfigurationList;
			buildConfigurations = (
				236EC0851DB2FA4F009F16A2 /* Debug */,
				236EC0861DB2FA4F009F16A2 /* Release */,
			);
			defaultConfigurationIsVisible = 0;
			defaultConfigurationName = Release;
		};
		236EC0871DB2FA4F009F16A2 /* Build configuration list for PBXNativeTarget "MircalePill" */ = {
			isa = XCConfigurationList;
			buildConfigurations = (
				236EC0881DB2FA4F009F16A2 /* Debug */,
				236EC0891DB2FA4F009F16A2 /* Release */,
			);
			defaultConfigurationIsVisible = 0;
		};
		236EC08A1DB2FA4F009F16A2 /* Build configuration list for PBXNativeTarget "MircalePillTests" */ = {
			isa = XCConfigurationList;
			buildConfigurations = (
				236EC08B1DB2FA4F009F16A2 /* Debug */,
				236EC08C1DB2FA4F009F16A2 /* Release */,
			);
			defaultConfigurationIsVisible = 0;
		};
		236EC08D1DB2FA4F009F16A2 /* Build configuration list for PBXNativeTarget "MircalePillUITests" */ = {
			isa = XCConfigurationList;
			buildConfigurations = (
				236EC08E1DB2FA4F009F16A2 /* Debug */,
				236EC08F1DB2FA4F009F16A2 /* Release */,
			);
			defaultConfigurationIsVisible = 0;
		};
/* End XCConfigurationList section */
	};
	rootObject = 236EC0571DB2FA4E009F16A2 /* Project object */;
}
